// !$*UTF8*$!
{
	archiveVersion = 1;
	classes = {
	};
	objectVersion = 60;
	objects = {

/* Begin PBXBuildFile section */
		780594542C47F6B700ACB5E7 /* AppDelegate.swift in Sources */ = {isa = PBXBuildFile; fileRef = 780594532C47F6B700ACB5E7 /* AppDelegate.swift */; };
		780594562C47F6B700ACB5E7 /* SceneDelegate.swift in Sources */ = {isa = PBXBuildFile; fileRef = 780594552C47F6B700ACB5E7 /* SceneDelegate.swift */; };
		780594582C47F6B700ACB5E7 /* UserListViewController.swift in Sources */ = {isa = PBXBuildFile; fileRef = 780594572C47F6B700ACB5E7 /* UserListViewController.swift */; };
		7805945B2C47F6B700ACB5E7 /* Base in Resources */ = {isa = PBXBuildFile; fileRef = 7805945A2C47F6B700ACB5E7 /* Base */; };
		7805945D2C47F6B900ACB5E7 /* Assets.xcassets in Resources */ = {isa = PBXBuildFile; fileRef = 7805945C2C47F6B900ACB5E7 /* Assets.xcassets */; };
		780594602C47F6B900ACB5E7 /* Base in Resources */ = {isa = PBXBuildFile; fileRef = 7805945F2C47F6B900ACB5E7 /* Base */; };
		7805946B2C48001F00ACB5E7 /* NetworkKit in Frameworks */ = {isa = PBXBuildFile; productRef = 7805946A2C48001F00ACB5E7 /* NetworkKit */; };
		7805946F2C48012D00ACB5E7 /* Constants.swift in Sources */ = {isa = PBXBuildFile; fileRef = 7805946E2C48012D00ACB5E7 /* Constants.swift */; };
		780594722C48016A00ACB5E7 /* RepositoryError.swift in Sources */ = {isa = PBXBuildFile; fileRef = 780594712C48016A00ACB5E7 /* RepositoryError.swift */; };
		780594762C48019B00ACB5E7 /* UserRepository.swift in Sources */ = {isa = PBXBuildFile; fileRef = 780594752C48019B00ACB5E7 /* UserRepository.swift */; };
		780594782C4801EC00ACB5E7 /* UserExchange.swift in Sources */ = {isa = PBXBuildFile; fileRef = 780594772C4801EC00ACB5E7 /* UserExchange.swift */; };
		7805947A2C48020200ACB5E7 /* UserProvider.swift in Sources */ = {isa = PBXBuildFile; fileRef = 780594792C48020200ACB5E7 /* UserProvider.swift */; };
		7805947C2C48033D00ACB5E7 /* BaseRepository.swift in Sources */ = {isa = PBXBuildFile; fileRef = 7805947B2C48033D00ACB5E7 /* BaseRepository.swift */; };
		7805947E2C48038400ACB5E7 /* Decodable+Extension.swift in Sources */ = {isa = PBXBuildFile; fileRef = 7805947D2C48038400ACB5E7 /* Decodable+Extension.swift */; };
		780594812C4808CF00ACB5E7 /* BaseTableViewCell.swift in Sources */ = {isa = PBXBuildFile; fileRef = 780594802C4808CF00ACB5E7 /* BaseTableViewCell.swift */; };
		780594832C4808E000ACB5E7 /* BaseView.swift in Sources */ = {isa = PBXBuildFile; fileRef = 780594822C4808E000ACB5E7 /* BaseView.swift */; };
		780594852C4808F400ACB5E7 /* BaseViewController.swift in Sources */ = {isa = PBXBuildFile; fileRef = 780594842C4808F400ACB5E7 /* BaseViewController.swift */; };
		780594892C48093300ACB5E7 /* LoadingView.swift in Sources */ = {isa = PBXBuildFile; fileRef = 780594882C48093300ACB5E7 /* LoadingView.swift */; };
		7805948B2C48097900ACB5E7 /* BaseViewInput.swift in Sources */ = {isa = PBXBuildFile; fileRef = 7805948A2C48097900ACB5E7 /* BaseViewInput.swift */; };
		7805948D2C480A3D00ACB5E7 /* BaseViewModel.swift in Sources */ = {isa = PBXBuildFile; fileRef = 7805948C2C480A3D00ACB5E7 /* BaseViewModel.swift */; };
		7805948F2C480A9F00ACB5E7 /* UserListView.swift in Sources */ = {isa = PBXBuildFile; fileRef = 7805948E2C480A9F00ACB5E7 /* UserListView.swift */; };
		780594912C480AA800ACB5E7 /* UserListViewModel.swift in Sources */ = {isa = PBXBuildFile; fileRef = 780594902C480AA800ACB5E7 /* UserListViewModel.swift */; };
		780594932C480E2D00ACB5E7 /* UserListCell.swift in Sources */ = {isa = PBXBuildFile; fileRef = 780594922C480E2D00ACB5E7 /* UserListCell.swift */; };
		780594962C480E8C00ACB5E7 /* UIStackView+Extension.swift in Sources */ = {isa = PBXBuildFile; fileRef = 780594952C480E8C00ACB5E7 /* UIStackView+Extension.swift */; };
		780594982C480EA600ACB5E7 /* UIView+Extension.swift in Sources */ = {isa = PBXBuildFile; fileRef = 780594972C480EA600ACB5E7 /* UIView+Extension.swift */; };
		7805949A2C480FEC00ACB5E7 /* UITableView+Extension.swift in Sources */ = {isa = PBXBuildFile; fileRef = 780594992C480FEC00ACB5E7 /* UITableView+Extension.swift */; };
		7805949C2C4810A900ACB5E7 /* UserListCoordinator.swift in Sources */ = {isa = PBXBuildFile; fileRef = 7805949B2C4810A900ACB5E7 /* UserListCoordinator.swift */; };
/* End PBXBuildFile section */

/* Begin PBXFileReference section */
		780594502C47F6B700ACB5E7 /* code-example.app */ = {isa = PBXFileReference; explicitFileType = wrapper.application; includeInIndex = 0; path = "code-example.app"; sourceTree = BUILT_PRODUCTS_DIR; };
		780594532C47F6B700ACB5E7 /* AppDelegate.swift */ = {isa = PBXFileReference; lastKnownFileType = sourcecode.swift; path = AppDelegate.swift; sourceTree = "<group>"; };
		780594552C47F6B700ACB5E7 /* SceneDelegate.swift */ = {isa = PBXFileReference; lastKnownFileType = sourcecode.swift; path = SceneDelegate.swift; sourceTree = "<group>"; };
		780594572C47F6B700ACB5E7 /* UserListViewController.swift */ = {isa = PBXFileReference; lastKnownFileType = sourcecode.swift; path = UserListViewController.swift; sourceTree = "<group>"; };
		7805945A2C47F6B700ACB5E7 /* Base */ = {isa = PBXFileReference; lastKnownFileType = file.storyboard; name = Base; path = Base.lproj/Main.storyboard; sourceTree = "<group>"; };
		7805945C2C47F6B900ACB5E7 /* Assets.xcassets */ = {isa = PBXFileReference; lastKnownFileType = folder.assetcatalog; path = Assets.xcassets; sourceTree = "<group>"; };
		7805945F2C47F6B900ACB5E7 /* Base */ = {isa = PBXFileReference; lastKnownFileType = file.storyboard; name = Base; path = Base.lproj/LaunchScreen.storyboard; sourceTree = "<group>"; };
		780594612C47F6B900ACB5E7 /* Info.plist */ = {isa = PBXFileReference; lastKnownFileType = text.plist.xml; path = Info.plist; sourceTree = "<group>"; };
		7805946E2C48012D00ACB5E7 /* Constants.swift */ = {isa = PBXFileReference; lastKnownFileType = sourcecode.swift; path = Constants.swift; sourceTree = "<group>"; };
		780594712C48016A00ACB5E7 /* RepositoryError.swift */ = {isa = PBXFileReference; lastKnownFileType = sourcecode.swift; path = RepositoryError.swift; sourceTree = "<group>"; };
		780594752C48019B00ACB5E7 /* UserRepository.swift */ = {isa = PBXFileReference; lastKnownFileType = sourcecode.swift; path = UserRepository.swift; sourceTree = "<group>"; };
		780594772C4801EC00ACB5E7 /* UserExchange.swift */ = {isa = PBXFileReference; lastKnownFileType = sourcecode.swift; path = UserExchange.swift; sourceTree = "<group>"; };
		780594792C48020200ACB5E7 /* UserProvider.swift */ = {isa = PBXFileReference; lastKnownFileType = sourcecode.swift; path = UserProvider.swift; sourceTree = "<group>"; };
		7805947B2C48033D00ACB5E7 /* BaseRepository.swift */ = {isa = PBXFileReference; lastKnownFileType = sourcecode.swift; path = BaseRepository.swift; sourceTree = "<group>"; };
		7805947D2C48038400ACB5E7 /* Decodable+Extension.swift */ = {isa = PBXFileReference; lastKnownFileType = sourcecode.swift; path = "Decodable+Extension.swift"; sourceTree = "<group>"; };
		780594802C4808CF00ACB5E7 /* BaseTableViewCell.swift */ = {isa = PBXFileReference; lastKnownFileType = sourcecode.swift; path = BaseTableViewCell.swift; sourceTree = "<group>"; };
		780594822C4808E000ACB5E7 /* BaseView.swift */ = {isa = PBXFileReference; lastKnownFileType = sourcecode.swift; path = BaseView.swift; sourceTree = "<group>"; };
		780594842C4808F400ACB5E7 /* BaseViewController.swift */ = {isa = PBXFileReference; lastKnownFileType = sourcecode.swift; path = BaseViewController.swift; sourceTree = "<group>"; };
		780594882C48093300ACB5E7 /* LoadingView.swift */ = {isa = PBXFileReference; lastKnownFileType = sourcecode.swift; path = LoadingView.swift; sourceTree = "<group>"; };
		7805948A2C48097900ACB5E7 /* BaseViewInput.swift */ = {isa = PBXFileReference; lastKnownFileType = sourcecode.swift; path = BaseViewInput.swift; sourceTree = "<group>"; };
		7805948C2C480A3D00ACB5E7 /* BaseViewModel.swift */ = {isa = PBXFileReference; lastKnownFileType = sourcecode.swift; path = BaseViewModel.swift; sourceTree = "<group>"; };
		7805948E2C480A9F00ACB5E7 /* UserListView.swift */ = {isa = PBXFileReference; lastKnownFileType = sourcecode.swift; path = UserListView.swift; sourceTree = "<group>"; };
		780594902C480AA800ACB5E7 /* UserListViewModel.swift */ = {isa = PBXFileReference; lastKnownFileType = sourcecode.swift; path = UserListViewModel.swift; sourceTree = "<group>"; };
		780594922C480E2D00ACB5E7 /* UserListCell.swift */ = {isa = PBXFileReference; lastKnownFileType = sourcecode.swift; path = UserListCell.swift; sourceTree = "<group>"; };
		780594952C480E8C00ACB5E7 /* UIStackView+Extension.swift */ = {isa = PBXFileReference; lastKnownFileType = sourcecode.swift; path = "UIStackView+Extension.swift"; sourceTree = "<group>"; };
		780594972C480EA600ACB5E7 /* UIView+Extension.swift */ = {isa = PBXFileReference; lastKnownFileType = sourcecode.swift; path = "UIView+Extension.swift"; sourceTree = "<group>"; };
		780594992C480FEC00ACB5E7 /* UITableView+Extension.swift */ = {isa = PBXFileReference; lastKnownFileType = sourcecode.swift; path = "UITableView+Extension.swift"; sourceTree = "<group>"; };
		7805949B2C4810A900ACB5E7 /* UserListCoordinator.swift */ = {isa = PBXFileReference; lastKnownFileType = sourcecode.swift; path = UserListCoordinator.swift; sourceTree = "<group>"; };
/* End PBXFileReference section */

/* Begin PBXFrameworksBuildPhase section */
		7805944D2C47F6B700ACB5E7 /* Frameworks */ = {
			isa = PBXFrameworksBuildPhase;
			buildActionMask = 2147483647;
			files = (
				7805946B2C48001F00ACB5E7 /* NetworkKit in Frameworks */,
			);
			runOnlyForDeploymentPostprocessing = 0;
		};
/* End PBXFrameworksBuildPhase section */

/* Begin PBXGroup section */
		780594472C47F6B700ACB5E7 = {
			isa = PBXGroup;
			children = (
				780594522C47F6B700ACB5E7 /* code-example */,
				780594512C47F6B700ACB5E7 /* Products */,
			);
			sourceTree = "<group>";
		};
		780594512C47F6B700ACB5E7 /* Products */ = {
			isa = PBXGroup;
			children = (
				780594502C47F6B700ACB5E7 /* code-example.app */,
			);
			name = Products;
			sourceTree = "<group>";
		};
		780594522C47F6B700ACB5E7 /* code-example */ = {
			isa = PBXGroup;
			children = (
				7805946E2C48012D00ACB5E7 /* Constants.swift */,
				780594532C47F6B700ACB5E7 /* AppDelegate.swift */,
				780594552C47F6B700ACB5E7 /* SceneDelegate.swift */,
				7805947F2C4808A900ACB5E7 /* Base */,
				7805946C2C48003A00ACB5E7 /* Screens */,
				780594682C47F71800ACB5E7 /* Coordinator */,
				780594702C48013E00ACB5E7 /* Services */,
				780594672C47F6C000ACB5E7 /* Resources */,
				7805946D2C48004300ACB5E7 /* Helpers */,
			);
			path = "code-example";
			sourceTree = "<group>";
		};
		780594672C47F6C000ACB5E7 /* Resources */ = {
			isa = PBXGroup;
			children = (
				780594592C47F6B700ACB5E7 /* Main.storyboard */,
				7805945C2C47F6B900ACB5E7 /* Assets.xcassets */,
				7805945E2C47F6B900ACB5E7 /* LaunchScreen.storyboard */,
				780594612C47F6B900ACB5E7 /* Info.plist */,
			);
			path = Resources;
			sourceTree = "<group>";
		};
		780594682C47F71800ACB5E7 /* Coordinator */ = {
			isa = PBXGroup;
			children = (
				7805949B2C4810A900ACB5E7 /* UserListCoordinator.swift */,
			);
			path = Coordinator;
			sourceTree = "<group>";
		};
		7805946C2C48003A00ACB5E7 /* Screens */ = {
			isa = PBXGroup;
			children = (
				780594942C480E4F00ACB5E7 /* UserList */,
			);
			path = Screens;
			sourceTree = "<group>";
		};
		7805946D2C48004300ACB5E7 /* Helpers */ = {
			isa = PBXGroup;
			children = (
				780594872C48092900ACB5E7 /* Extensions */,
				780594862C48092400ACB5E7 /* Views */,
			);
			path = Helpers;
			sourceTree = "<group>";
		};
		780594702C48013E00ACB5E7 /* Services */ = {
			isa = PBXGroup;
			children = (
				780594732C48017300ACB5E7 /* Repositories */,
			);
			path = Services;
			sourceTree = "<group>";
		};
		780594732C48017300ACB5E7 /* Repositories */ = {
			isa = PBXGroup;
			children = (
				7805947B2C48033D00ACB5E7 /* BaseRepository.swift */,
				780594712C48016A00ACB5E7 /* RepositoryError.swift */,
				780594742C48018500ACB5E7 /* User */,
			);
			path = Repositories;
			sourceTree = "<group>";
		};
		780594742C48018500ACB5E7 /* User */ = {
			isa = PBXGroup;
			children = (
				780594752C48019B00ACB5E7 /* UserRepository.swift */,
				780594772C4801EC00ACB5E7 /* UserExchange.swift */,
				780594792C48020200ACB5E7 /* UserProvider.swift */,
			);
			path = User;
			sourceTree = "<group>";
		};
		7805947F2C4808A900ACB5E7 /* Base */ = {
			isa = PBXGroup;
			children = (
				780594802C4808CF00ACB5E7 /* BaseTableViewCell.swift */,
				780594822C4808E000ACB5E7 /* BaseView.swift */,
				780594842C4808F400ACB5E7 /* BaseViewController.swift */,
				7805948A2C48097900ACB5E7 /* BaseViewInput.swift */,
				7805948C2C480A3D00ACB5E7 /* BaseViewModel.swift */,
			);
			path = Base;
			sourceTree = "<group>";
		};
		780594862C48092400ACB5E7 /* Views */ = {
			isa = PBXGroup;
			children = (
				780594882C48093300ACB5E7 /* LoadingView.swift */,
			);
			path = Views;
			sourceTree = "<group>";
		};
		780594872C48092900ACB5E7 /* Extensions */ = {
			isa = PBXGroup;
			children = (
				7805947D2C48038400ACB5E7 /* Decodable+Extension.swift */,
				780594952C480E8C00ACB5E7 /* UIStackView+Extension.swift */,
				780594972C480EA600ACB5E7 /* UIView+Extension.swift */,
				780594992C480FEC00ACB5E7 /* UITableView+Extension.swift */,
			);
			path = Extensions;
			sourceTree = "<group>";
		};
		780594942C480E4F00ACB5E7 /* UserList */ = {
			isa = PBXGroup;
			children = (
				780594572C47F6B700ACB5E7 /* UserListViewController.swift */,
				7805948E2C480A9F00ACB5E7 /* UserListView.swift */,
				780594902C480AA800ACB5E7 /* UserListViewModel.swift */,
				780594922C480E2D00ACB5E7 /* UserListCell.swift */,
			);
			path = UserList;
			sourceTree = "<group>";
		};
/* End PBXGroup section */

/* Begin PBXNativeTarget section */
		7805944F2C47F6B700ACB5E7 /* code-example */ = {
			isa = PBXNativeTarget;
			buildConfigurationList = 780594642C47F6B900ACB5E7 /* Build configuration list for PBXNativeTarget "code-example" */;
			buildPhases = (
				7805944C2C47F6B700ACB5E7 /* Sources */,
				7805944D2C47F6B700ACB5E7 /* Frameworks */,
				7805944E2C47F6B700ACB5E7 /* Resources */,
			);
			buildRules = (
			);
			dependencies = (
			);
			name = "code-example";
			packageProductDependencies = (
				7805946A2C48001F00ACB5E7 /* NetworkKit */,
			);
			productName = "code-example";
			productReference = 780594502C47F6B700ACB5E7 /* code-example.app */;
			productType = "com.apple.product-type.application";
		};
/* End PBXNativeTarget section */

/* Begin PBXProject section */
		780594482C47F6B700ACB5E7 /* Project object */ = {
			isa = PBXProject;
			attributes = {
				BuildIndependentTargetsInParallel = 1;
				LastSwiftUpdateCheck = 1540;
				LastUpgradeCheck = 1540;
				TargetAttributes = {
					7805944F2C47F6B700ACB5E7 = {
						CreatedOnToolsVersion = 15.4;
					};
				};
			};
			buildConfigurationList = 7805944B2C47F6B700ACB5E7 /* Build configuration list for PBXProject "code-example" */;
			compatibilityVersion = "Xcode 14.0";
			developmentRegion = en;
			hasScannedForEncodings = 0;
			knownRegions = (
				en,
				Base,
			);
			mainGroup = 780594472C47F6B700ACB5E7;
			packageReferences = (
				780594692C48001F00ACB5E7 /* XCLocalSwiftPackageReference "NetworkKit" */,
			);
			productRefGroup = 780594512C47F6B700ACB5E7 /* Products */;
			projectDirPath = "";
			projectRoot = "";
			targets = (
				7805944F2C47F6B700ACB5E7 /* code-example */,
			);
		};
/* End PBXProject section */

/* Begin PBXResourcesBuildPhase section */
		7805944E2C47F6B700ACB5E7 /* Resources */ = {
			isa = PBXResourcesBuildPhase;
			buildActionMask = 2147483647;
			files = (
				7805945D2C47F6B900ACB5E7 /* Assets.xcassets in Resources */,
				780594602C47F6B900ACB5E7 /* Base in Resources */,
				7805945B2C47F6B700ACB5E7 /* Base in Resources */,
			);
			runOnlyForDeploymentPostprocessing = 0;
		};
/* End PBXResourcesBuildPhase section */

/* Begin PBXSourcesBuildPhase section */
		7805944C2C47F6B700ACB5E7 /* Sources */ = {
			isa = PBXSourcesBuildPhase;
			buildActionMask = 2147483647;
			files = (
				780594932C480E2D00ACB5E7 /* UserListCell.swift in Sources */,
				7805948F2C480A9F00ACB5E7 /* UserListView.swift in Sources */,
				780594852C4808F400ACB5E7 /* BaseViewController.swift in Sources */,
				780594582C47F6B700ACB5E7 /* UserListViewController.swift in Sources */,
				780594542C47F6B700ACB5E7 /* AppDelegate.swift in Sources */,
				7805948B2C48097900ACB5E7 /* BaseViewInput.swift in Sources */,
				780594762C48019B00ACB5E7 /* UserRepository.swift in Sources */,
				7805948D2C480A3D00ACB5E7 /* BaseViewModel.swift in Sources */,
				780594832C4808E000ACB5E7 /* BaseView.swift in Sources */,
				780594892C48093300ACB5E7 /* LoadingView.swift in Sources */,
				7805947E2C48038400ACB5E7 /* Decodable+Extension.swift in Sources */,
				7805949A2C480FEC00ACB5E7 /* UITableView+Extension.swift in Sources */,
				7805947C2C48033D00ACB5E7 /* BaseRepository.swift in Sources */,
				780594812C4808CF00ACB5E7 /* BaseTableViewCell.swift in Sources */,
				780594962C480E8C00ACB5E7 /* UIStackView+Extension.swift in Sources */,
				780594562C47F6B700ACB5E7 /* SceneDelegate.swift in Sources */,
				7805949C2C4810A900ACB5E7 /* UserListCoordinator.swift in Sources */,
				780594982C480EA600ACB5E7 /* UIView+Extension.swift in Sources */,
				780594912C480AA800ACB5E7 /* UserListViewModel.swift in Sources */,
				780594782C4801EC00ACB5E7 /* UserExchange.swift in Sources */,
				7805946F2C48012D00ACB5E7 /* Constants.swift in Sources */,
				780594722C48016A00ACB5E7 /* RepositoryError.swift in Sources */,
				7805947A2C48020200ACB5E7 /* UserProvider.swift in Sources */,
			);
			runOnlyForDeploymentPostprocessing = 0;
		};
/* End PBXSourcesBuildPhase section */

/* Begin PBXVariantGroup section */
		780594592C47F6B700ACB5E7 /* Main.storyboard */ = {
			isa = PBXVariantGroup;
			children = (
				7805945A2C47F6B700ACB5E7 /* Base */,
			);
			name = Main.storyboard;
			sourceTree = "<group>";
		};
		7805945E2C47F6B900ACB5E7 /* LaunchScreen.storyboard */ = {
			isa = PBXVariantGroup;
			children = (
				7805945F2C47F6B900ACB5E7 /* Base */,
			);
			name = LaunchScreen.storyboard;
			sourceTree = "<group>";
		};
/* End PBXVariantGroup section */

/* Begin XCBuildConfiguration section */
		780594622C47F6B900ACB5E7 /* Debug */ = {
			isa = XCBuildConfiguration;
			buildSettings = {
				ALWAYS_SEARCH_USER_PATHS = NO;
				ASSETCATALOG_COMPILER_GENERATE_SWIFT_ASSET_SYMBOL_EXTENSIONS = YES;
				CLANG_ANALYZER_NONNULL = YES;
				CLANG_ANALYZER_NUMBER_OBJECT_CONVERSION = YES_AGGRESSIVE;
				CLANG_CXX_LANGUAGE_STANDARD = "gnu++20";
				CLANG_ENABLE_MODULES = YES;
				CLANG_ENABLE_OBJC_ARC = YES;
				CLANG_ENABLE_OBJC_WEAK = YES;
				CLANG_WARN_BLOCK_CAPTURE_AUTORELEASING = YES;
				CLANG_WARN_BOOL_CONVERSION = YES;
				CLANG_WARN_COMMA = YES;
				CLANG_WARN_CONSTANT_CONVERSION = YES;
				CLANG_WARN_DEPRECATED_OBJC_IMPLEMENTATIONS = YES;
				CLANG_WARN_DIRECT_OBJC_ISA_USAGE = YES_ERROR;
				CLANG_WARN_DOCUMENTATION_COMMENTS = YES;
				CLANG_WARN_EMPTY_BODY = YES;
				CLANG_WARN_ENUM_CONVERSION = YES;
				CLANG_WARN_INFINITE_RECURSION = YES;
				CLANG_WARN_INT_CONVERSION = YES;
				CLANG_WARN_NON_LITERAL_NULL_CONVERSION = YES;
				CLANG_WARN_OBJC_IMPLICIT_RETAIN_SELF = YES;
				CLANG_WARN_OBJC_LITERAL_CONVERSION = YES;
				CLANG_WARN_OBJC_ROOT_CLASS = YES_ERROR;
				CLANG_WARN_QUOTED_INCLUDE_IN_FRAMEWORK_HEADER = YES;
				CLANG_WARN_RANGE_LOOP_ANALYSIS = YES;
				CLANG_WARN_STRICT_PROTOTYPES = YES;
				CLANG_WARN_SUSPICIOUS_MOVE = YES;
				CLANG_WARN_UNGUARDED_AVAILABILITY = YES_AGGRESSIVE;
				CLANG_WARN_UNREACHABLE_CODE = YES;
				CLANG_WARN__DUPLICATE_METHOD_MATCH = YES;
				COPY_PHASE_STRIP = NO;
				DEBUG_INFORMATION_FORMAT = dwarf;
				ENABLE_STRICT_OBJC_MSGSEND = YES;
				ENABLE_TESTABILITY = YES;
				ENABLE_USER_SCRIPT_SANDBOXING = YES;
				GCC_C_LANGUAGE_STANDARD = gnu17;
				GCC_DYNAMIC_NO_PIC = NO;
				GCC_NO_COMMON_BLOCKS = YES;
				GCC_OPTIMIZATION_LEVEL = 0;
				GCC_PREPROCESSOR_DEFINITIONS = (
					"DEBUG=1",
					"$(inherited)",
				);
				GCC_WARN_64_TO_32_BIT_CONVERSION = YES;
				GCC_WARN_ABOUT_RETURN_TYPE = YES_ERROR;
				GCC_WARN_UNDECLARED_SELECTOR = YES;
				GCC_WARN_UNINITIALIZED_AUTOS = YES_AGGRESSIVE;
				GCC_WARN_UNUSED_FUNCTION = YES;
				GCC_WARN_UNUSED_VARIABLE = YES;
				IPHONEOS_DEPLOYMENT_TARGET = 17.5;
				LOCALIZATION_PREFERS_STRING_CATALOGS = YES;
				MTL_ENABLE_DEBUG_INFO = INCLUDE_SOURCE;
				MTL_FAST_MATH = YES;
				ONLY_ACTIVE_ARCH = YES;
				SDKROOT = iphoneos;
				SWIFT_ACTIVE_COMPILATION_CONDITIONS = "DEBUG $(inherited)";
				SWIFT_OPTIMIZATION_LEVEL = "-Onone";
			};
			name = Debug;
		};
		780594632C47F6B900ACB5E7 /* Release */ = {
			isa = XCBuildConfiguration;
			buildSettings = {
				ALWAYS_SEARCH_USER_PATHS = NO;
				ASSETCATALOG_COMPILER_GENERATE_SWIFT_ASSET_SYMBOL_EXTENSIONS = YES;
				CLANG_ANALYZER_NONNULL = YES;
				CLANG_ANALYZER_NUMBER_OBJECT_CONVERSION = YES_AGGRESSIVE;
				CLANG_CXX_LANGUAGE_STANDARD = "gnu++20";
				CLANG_ENABLE_MODULES = YES;
				CLANG_ENABLE_OBJC_ARC = YES;
				CLANG_ENABLE_OBJC_WEAK = YES;
				CLANG_WARN_BLOCK_CAPTURE_AUTORELEASING = YES;
				CLANG_WARN_BOOL_CONVERSION = YES;
				CLANG_WARN_COMMA = YES;
				CLANG_WARN_CONSTANT_CONVERSION = YES;
				CLANG_WARN_DEPRECATED_OBJC_IMPLEMENTATIONS = YES;
				CLANG_WARN_DIRECT_OBJC_ISA_USAGE = YES_ERROR;
				CLANG_WARN_DOCUMENTATION_COMMENTS = YES;
				CLANG_WARN_EMPTY_BODY = YES;
				CLANG_WARN_ENUM_CONVERSION = YES;
				CLANG_WARN_INFINITE_RECURSION = YES;
				CLANG_WARN_INT_CONVERSION = YES;
				CLANG_WARN_NON_LITERAL_NULL_CONVERSION = YES;
				CLANG_WARN_OBJC_IMPLICIT_RETAIN_SELF = YES;
				CLANG_WARN_OBJC_LITERAL_CONVERSION = YES;
				CLANG_WARN_OBJC_ROOT_CLASS = YES_ERROR;
				CLANG_WARN_QUOTED_INCLUDE_IN_FRAMEWORK_HEADER = YES;
				CLANG_WARN_RANGE_LOOP_ANALYSIS = YES;
				CLANG_WARN_STRICT_PROTOTYPES = YES;
				CLANG_WARN_SUSPICIOUS_MOVE = YES;
				CLANG_WARN_UNGUARDED_AVAILABILITY = YES_AGGRESSIVE;
				CLANG_WARN_UNREACHABLE_CODE = YES;
				CLANG_WARN__DUPLICATE_METHOD_MATCH = YES;
				COPY_PHASE_STRIP = NO;
				DEBUG_INFORMATION_FORMAT = "dwarf-with-dsym";
				ENABLE_NS_ASSERTIONS = NO;
				ENABLE_STRICT_OBJC_MSGSEND = YES;
				ENABLE_USER_SCRIPT_SANDBOXING = YES;
				GCC_C_LANGUAGE_STANDARD = gnu17;
				GCC_NO_COMMON_BLOCKS = YES;
				GCC_WARN_64_TO_32_BIT_CONVERSION = YES;
				GCC_WARN_ABOUT_RETURN_TYPE = YES_ERROR;
				GCC_WARN_UNDECLARED_SELECTOR = YES;
				GCC_WARN_UNINITIALIZED_AUTOS = YES_AGGRESSIVE;
				GCC_WARN_UNUSED_FUNCTION = YES;
				GCC_WARN_UNUSED_VARIABLE = YES;
				IPHONEOS_DEPLOYMENT_TARGET = 17.5;
				LOCALIZATION_PREFERS_STRING_CATALOGS = YES;
				MTL_ENABLE_DEBUG_INFO = NO;
				MTL_FAST_MATH = YES;
				SDKROOT = iphoneos;
				SWIFT_COMPILATION_MODE = wholemodule;
				VALIDATE_PRODUCT = YES;
			};
			name = Release;
		};
		780594652C47F6B900ACB5E7 /* Debug */ = {
			isa = XCBuildConfiguration;
			buildSettings = {
				ASSETCATALOG_COMPILER_APPICON_NAME = AppIcon;
				ASSETCATALOG_COMPILER_GLOBAL_ACCENT_COLOR_NAME = AccentColor;
				CODE_SIGN_STYLE = Automatic;
				CURRENT_PROJECT_VERSION = 1;
				GENERATE_INFOPLIST_FILE = YES;
				INFOPLIST_FILE = "code-example/Resources/Info.plist";
				INFOPLIST_KEY_UIApplicationSupportsIndirectInputEvents = YES;
				INFOPLIST_KEY_UILaunchStoryboardName = LaunchScreen;
				INFOPLIST_KEY_UIMainStoryboardFile = Main;
				INFOPLIST_KEY_UISupportedInterfaceOrientations_iPad = "UIInterfaceOrientationPortrait UIInterfaceOrientationPortraitUpsideDown UIInterfaceOrientationLandscapeLeft UIInterfaceOrientationLandscapeRight";
				INFOPLIST_KEY_UISupportedInterfaceOrientations_iPhone = "UIInterfaceOrientationPortrait UIInterfaceOrientationLandscapeLeft UIInterfaceOrientationLandscapeRight";
				LD_RUNPATH_SEARCH_PATHS = (
					"$(inherited)",
					"@executable_path/Frameworks",
				);
				MARKETING_VERSION = 1.0;
				PRODUCT_BUNDLE_IDENTIFIER = "nesterchuk.oleksii.code-example";
				PRODUCT_NAME = "$(TARGET_NAME)";
				SWIFT_EMIT_LOC_STRINGS = YES;
				SWIFT_VERSION = 5.0;
				TARGETED_DEVICE_FAMILY = "1,2";
			};
			name = Debug;
		};
		780594662C47F6B900ACB5E7 /* Release */ = {
			isa = XCBuildConfiguration;
			buildSettings = {
				ASSETCATALOG_COMPILER_APPICON_NAME = AppIcon;
				ASSETCATALOG_COMPILER_GLOBAL_ACCENT_COLOR_NAME = AccentColor;
				CODE_SIGN_STYLE = Automatic;
				CURRENT_PROJECT_VERSION = 1;
				GENERATE_INFOPLIST_FILE = YES;
				INFOPLIST_FILE = "code-example/Resources/Info.plist";
				INFOPLIST_KEY_UIApplicationSupportsIndirectInputEvents = YES;
				INFOPLIST_KEY_UILaunchStoryboardName = LaunchScreen;
				INFOPLIST_KEY_UIMainStoryboardFile = Main;
				INFOPLIST_KEY_UISupportedInterfaceOrientations_iPad = "UIInterfaceOrientationPortrait UIInterfaceOrientationPortraitUpsideDown UIInterfaceOrientationLandscapeLeft UIInterfaceOrientationLandscapeRight";
				INFOPLIST_KEY_UISupportedInterfaceOrientations_iPhone = "UIInterfaceOrientationPortrait UIInterfaceOrientationLandscapeLeft UIInterfaceOrientationLandscapeRight";
				LD_RUNPATH_SEARCH_PATHS = (
					"$(inherited)",
					"@executable_path/Frameworks",
				);
				MARKETING_VERSION = 1.0;
				PRODUCT_BUNDLE_IDENTIFIER = "nesterchuk.oleksii.code-example";
				PRODUCT_NAME = "$(TARGET_NAME)";
				SWIFT_EMIT_LOC_STRINGS = YES;
				SWIFT_VERSION = 5.0;
				TARGETED_DEVICE_FAMILY = "1,2";
			};
			name = Release;
		};
/* End XCBuildConfiguration section */

/* Begin XCConfigurationList section */
		7805944B2C47F6B700ACB5E7 /* Build configuration list for PBXProject "code-example" */ = {
			isa = XCConfigurationList;
			buildConfigurations = (
				780594622C47F6B900ACB5E7 /* Debug */,
				780594632C47F6B900ACB5E7 /* Release */,
			);
			defaultConfigurationIsVisible = 0;
			defaultConfigurationName = Release;
		};
		780594642C47F6B900ACB5E7 /* Build configuration list for PBXNativeTarget "code-example" */ = {
			isa = XCConfigurationList;
			buildConfigurations = (
				780594652C47F6B900ACB5E7 /* Debug */,
				780594662C47F6B900ACB5E7 /* Release */,
			);
			defaultConfigurationIsVisible = 0;
			defaultConfigurationName = Release;
		};
/* End XCConfigurationList section */

/* Begin XCLocalSwiftPackageReference section */
		780594692C48001F00ACB5E7 /* XCLocalSwiftPackageReference "NetworkKit" */ = {
			isa = XCLocalSwiftPackageReference;
			relativePath = NetworkKit;
		};
/* End XCLocalSwiftPackageReference section */

/* Begin XCSwiftPackageProductDependency section */
		7805946A2C48001F00ACB5E7 /* NetworkKit */ = {
			isa = XCSwiftPackageProductDependency;
			productName = NetworkKit;
		};
/* End XCSwiftPackageProductDependency section */
	};
	rootObject = 780594482C47F6B700ACB5E7 /* Project object */;
}
